
Microsoft Visual Studio Solution File, Format Version 12.00
# Visual Studio Version 17
VisualStudioVersion = 17.9.34723.18
MinimumVisualStudioVersion = 10.0.40219.1
Project("{9A19103F-16F7-4668-BE54-9A1E7A4F7556}") = "API", "API\API.csproj", "{A7851FA9-83E3-4A8C-BE88-903FA6C6A8FE}"
EndProject
Project("{9A19103F-16F7-4668-BE54-9A1E7A4F7556}") = "Service", "Backend.EmailService\Service.csproj", "{496CE949-1796-41C2-92F6-8FDAB78D0C1E}"
EndProject
Project("{9A19103F-16F7-4668-BE54-9A1E7A4F7556}") = "Data", "Data\Data.csproj", "{B35B35FC-C241-4DFD-86B6-BA624B76FA07}"
EndProject
Project("{FAE04EC0-301F-11D3-BF4B-00C04F79EFBC}") = "StripeView", "StripeView\StripeView.csproj", "{DE0C08F6-5937-47F8-8903-3F63CF63A14F}"
EndProject
Global
	GlobalSection(SolutionConfigurationPlatforms) = preSolution
		Debug|Any CPU = Debug|Any CPU
		Release|Any CPU = Release|Any CPU
	EndGlobalSection
	GlobalSection(ProjectConfigurationPlatforms) = postSolution
		{A7851FA9-83E3-4A8C-BE88-903FA6C6A8FE}.Debug|Any CPU.ActiveCfg = Debug|Any CPU
		{A7851FA9-83E3-4A8C-BE88-903FA6C6A8FE}.Debug|Any CPU.Build.0 = Debug|Any CPU
		{A7851FA9-83E3-4A8C-BE88-903FA6C6A8FE}.Release|Any CPU.ActiveCfg = Release|Any CPU
		{A7851FA9-83E3-4A8C-BE88-903FA6C6A8FE}.Release|Any CPU.Build.0 = Release|Any CPU
		{496CE949-1796-41C2-92F6-8FDAB78D0C1E}.Debug|Any CPU.ActiveCfg = Debug|Any CPU
		{496CE949-1796-41C2-92F6-8FDAB78D0C1E}.Debug|Any CPU.Build.0 = Debug|Any CPU
		{496CE949-1796-41C2-92F6-8FDAB78D0C1E}.Release|Any CPU.ActiveCfg = Release|Any CPU
		{496CE949-1796-41C2-92F6-8FDAB78D0C1E}.Release|Any CPU.Build.0 = Release|Any CPU
		{B35B35FC-C241-4DFD-86B6-BA624B76FA07}.Debug|Any CPU.ActiveCfg = Debug|Any CPU
		{B35B35FC-C241-4DFD-86B6-BA624B76FA07}.Debug|Any CPU.Build.0 = Debug|Any CPU
		{B35B35FC-C241-4DFD-86B6-BA624B76FA07}.Release|Any CPU.ActiveCfg = Release|Any CPU
		{B35B35FC-C241-4DFD-86B6-BA624B76FA07}.Release|Any CPU.Build.0 = Release|Any CPU
		{DE0C08F6-5937-47F8-8903-3F63CF63A14F}.Debug|Any CPU.ActiveCfg = Debug|Any CPU
		{DE0C08F6-5937-47F8-8903-3F63CF63A14F}.Debug|Any CPU.Build.0 = Debug|Any CPU
		{DE0C08F6-5937-47F8-8903-3F63CF63A14F}.Release|Any CPU.ActiveCfg = Release|Any CPU
		{DE0C08F6-5937-47F8-8903-3F63CF63A14F}.Release|Any CPU.Build.0 = Release|Any CPU
	EndGlobalSection
	GlobalSection(SolutionProperties) = preSolution
		HideSolutionNode = FALSE
	EndGlobalSection
	GlobalSection(ExtensibilityGlobals) = postSolution
		SolutionGuid = {1E2F5F86-FD35-457F-B4F4-CEFDFA58C76E}
	EndGlobalSection
EndGlobal
